
Microsoft Visual Studio Solution File, Format Version 12.00
# Visual Studio Version 17
VisualStudioVersion = 17.6.33723.286
MinimumVisualStudioVersion = 10.0.40219.1
Project("{FAE04EC0-301F-11D3-BF4B-00C04F79EFBC}") = "TestTask", "TestTask\TestTask.csproj", "{CEEEA1DC-C3E2-474C-A6C6-39BFCAFA4020}"
EndProject
Global
	GlobalSection(SolutionConfigurationPlatforms) = preSolution
		Debug|Any CPU = Debug|Any CPU
		Release|Any CPU = Release|Any CPU
	EndGlobalSection
	GlobalSection(ProjectConfigurationPlatforms) = postSolution
		{CEEEA1DC-C3E2-474C-A6C6-39BFCAFA4020}.Debug|Any CPU.ActiveCfg = Debug|Any CPU
		{CEEEA1DC-C3E2-474C-A6C6-39BFCAFA4020}.Debug|Any CPU.Build.0 = Debug|Any CPU
		{CEEEA1DC-C3E2-474C-A6C6-39BFCAFA4020}.Release|Any CPU.ActiveCfg = Release|Any CPU
		{CEEEA1DC-C3E2-474C-A6C6-39BFCAFA4020}.Release|Any CPU.Build.0 = Release|Any CPU
	EndGlobalSection
	GlobalSection(SolutionProperties) = preSolution
		HideSolutionNode = FALSE
	EndGlobalSection
	GlobalSection(ExtensibilityGlobals) = postSolution
		SolutionGuid = {AF8551C6-02C7-45CA-BC6F-509CF44946A0}
	EndGlobalSection
EndGlobal
